
Microsoft Visual Studio Solution File, Format Version 12.00
# Visual Studio Version 16
VisualStudioVersion = 16.0.29509.3
MinimumVisualStudioVersion = 10.0.40219.1
Project("{FAE04EC0-301F-11D3-BF4B-00C04F79EFBC}") = "citasMedicas", "citasMedicas\citasMedicas.csproj", "{607C988F-BCE1-4765-928C-0D4239881D9F}"
EndProject
Global
	GlobalSection(SolutionConfigurationPlatforms) = preSolution
		Debug|Any CPU = Debug|Any CPU
		Release|Any CPU = Release|Any CPU
	EndGlobalSection
	GlobalSection(ProjectConfigurationPlatforms) = postSolution
		{607C988F-BCE1-4765-928C-0D4239881D9F}.Debug|Any CPU.ActiveCfg = Debug|Any CPU
		{607C988F-BCE1-4765-928C-0D4239881D9F}.Debug|Any CPU.Build.0 = Debug|Any CPU
		{607C988F-BCE1-4765-928C-0D4239881D9F}.Release|Any CPU.ActiveCfg = Release|Any CPU
		{607C988F-BCE1-4765-928C-0D4239881D9F}.Release|Any CPU.Build.0 = Release|Any CPU
	EndGlobalSection
	GlobalSection(SolutionProperties) = preSolution
		HideSolutionNode = FALSE
	EndGlobalSection
	GlobalSection(ExtensibilityGlobals) = postSolution
		SolutionGuid = {C428805D-6EF0-47B8-AC85-D04C3B685A11}
	EndGlobalSection
EndGlobal
